
Microsoft Visual Studio Solution File, Format Version 12.00
# Visual Studio Version 17
VisualStudioVersion = 17.0.31912.275
MinimumVisualStudioVersion = 10.0.40219.1
Project("{FAE04EC0-301F-11D3-BF4B-00C04F79EFBC}") = "ZADANIY", "ZADANIY\ZADANIY.csproj", "{1CD838D0-32E8-4942-B120-06E2A07AC261}"
EndProject
Project("{FAE04EC0-301F-11D3-BF4B-00C04F79EFBC}") = "PDF-Reader", "PDF-Reader\PDF-Reader.csproj", "{CE003460-6F28-44BA-9EBE-6512942336A8}"
EndProject
Project("{FAE04EC0-301F-11D3-BF4B-00C04F79EFBC}") = "WinAnim", "WinAnim\WinAnim.csproj", "{7961AA16-427D-4908-B204-4926CF5BBB7D}"
EndProject
Project("{FAE04EC0-301F-11D3-BF4B-00C04F79EFBC}") = "WinBackgroundWorker", "WinBackgroundWorker\WinBackgroundWorker.csproj", "{4DFFD5AB-8A5A-471F-AD7A-3CE92A779C63}"
EndProject
Project("{FAE04EC0-301F-11D3-BF4B-00C04F79EFBC}") = "WinAsinchDelegate", "WinAsinchDelegate\WinAsinchDelegate.csproj", "{D6531C9C-E370-496B-BD15-816166170408}"
EndProject
Global
	GlobalSection(SolutionConfigurationPlatforms) = preSolution
		Debug|Any CPU = Debug|Any CPU
		Release|Any CPU = Release|Any CPU
	EndGlobalSection
	GlobalSection(ProjectConfigurationPlatforms) = postSolution
		{1CD838D0-32E8-4942-B120-06E2A07AC261}.Debug|Any CPU.ActiveCfg = Debug|Any CPU
		{1CD838D0-32E8-4942-B120-06E2A07AC261}.Debug|Any CPU.Build.0 = Debug|Any CPU
		{1CD838D0-32E8-4942-B120-06E2A07AC261}.Release|Any CPU.ActiveCfg = Release|Any CPU
		{1CD838D0-32E8-4942-B120-06E2A07AC261}.Release|Any CPU.Build.0 = Release|Any CPU
		{CE003460-6F28-44BA-9EBE-6512942336A8}.Debug|Any CPU.ActiveCfg = Debug|Any CPU
		{CE003460-6F28-44BA-9EBE-6512942336A8}.Debug|Any CPU.Build.0 = Debug|Any CPU
		{CE003460-6F28-44BA-9EBE-6512942336A8}.Release|Any CPU.ActiveCfg = Release|Any CPU
		{CE003460-6F28-44BA-9EBE-6512942336A8}.Release|Any CPU.Build.0 = Release|Any CPU
		{7961AA16-427D-4908-B204-4926CF5BBB7D}.Debug|Any CPU.ActiveCfg = Debug|Any CPU
		{7961AA16-427D-4908-B204-4926CF5BBB7D}.Debug|Any CPU.Build.0 = Debug|Any CPU
		{7961AA16-427D-4908-B204-4926CF5BBB7D}.Release|Any CPU.ActiveCfg = Release|Any CPU
		{7961AA16-427D-4908-B204-4926CF5BBB7D}.Release|Any CPU.Build.0 = Release|Any CPU
		{4DFFD5AB-8A5A-471F-AD7A-3CE92A779C63}.Debug|Any CPU.ActiveCfg = Debug|Any CPU
		{4DFFD5AB-8A5A-471F-AD7A-3CE92A779C63}.Debug|Any CPU.Build.0 = Debug|Any CPU
		{4DFFD5AB-8A5A-471F-AD7A-3CE92A779C63}.Release|Any CPU.ActiveCfg = Release|Any CPU
		{4DFFD5AB-8A5A-471F-AD7A-3CE92A779C63}.Release|Any CPU.Build.0 = Release|Any CPU
		{D6531C9C-E370-496B-BD15-816166170408}.Debug|Any CPU.ActiveCfg = Debug|Any CPU
		{D6531C9C-E370-496B-BD15-816166170408}.Debug|Any CPU.Build.0 = Debug|Any CPU
		{D6531C9C-E370-496B-BD15-816166170408}.Release|Any CPU.ActiveCfg = Release|Any CPU
		{D6531C9C-E370-496B-BD15-816166170408}.Release|Any CPU.Build.0 = Release|Any CPU
	EndGlobalSection
	GlobalSection(SolutionProperties) = preSolution
		HideSolutionNode = FALSE
	EndGlobalSection
	GlobalSection(ExtensibilityGlobals) = postSolution
		SolutionGuid = {452568EB-F05D-455B-88FC-2561E7489B85}
	EndGlobalSection
EndGlobal
